# This file is automatically @generated by Poetry 1.8.4 and should not be changed by hand.

[[package]]
name = "attrs"
version = "24.2.0"
description = "Classes Without Boilerplate"
optional = false
python-versions = ">=3.7"
files = [
    {file = "attrs-24.2.0-py3-none-any.whl", hash = "sha256:81921eb96de3191c8258c199618104dd27ac608d9366f5e35d011eae1867ede2"},
    {file = "attrs-24.2.0.tar.gz", hash = "sha256:5cfb1b9148b5b086569baec03f20d7b6bf3bcacc9a42bebf87ffaaca362f6346"},
]

[package.dependencies]
importlib-metadata = {version = "*", markers = "python_version < \"3.8\""}

[package.extras]
benchmark = ["cloudpickle", "hypothesis", "mypy (>=1.11.1)", "pympler", "pytest (>=4.3.0)", "pytest-codspeed", "pytest-mypy-plugins", "pytest-xdist[psutil]"]
cov = ["cloudpickle", "coverage[toml] (>=5.3)", "hypothesis", "mypy (>=1.11.1)", "pympler", "pytest (>=4.3.0)", "pytest-mypy-plugins", "pytest-xdist[psutil]"]
dev = ["cloudpickle", "hypothesis", "mypy (>=1.11.1)", "pre-commit", "pympler", "pytest (>=4.3.0)", "pytest-mypy-plugins", "pytest-xdist[psutil]"]
docs = ["cogapp", "furo", "myst-parser", "sphinx", "sphinx-notfound-page", "sphinxcontrib-towncrier", "towncrier (<24.7)"]
tests = ["cloudpickle", "hypothesis", "mypy (>=1.11.1)", "pympler", "pytest (>=4.3.0)", "pytest-mypy-plugins", "pytest-xdist[psutil]"]
tests-mypy = ["mypy (>=1.11.1)", "pytest-mypy-plugins"]

[[package]]
name = "bidict"
version = "0.22.1"
description = "The bidirectional mapping library for Python."
optional = false
python-versions = ">=3.7"
files = [
    {file = "bidict-0.22.1-py3-none-any.whl", hash = "sha256:6ef212238eb884b664f28da76f33f1d28b260f665fc737b413b287d5487d1e7b"},
    {file = "bidict-0.22.1.tar.gz", hash = "sha256:1e0f7f74e4860e6d0943a05d4134c63a2fad86f3d4732fb265bd79e4e856d81d"},
]

[package.extras]
docs = ["furo", "sphinx", "sphinx-copybutton"]
lint = ["pre-commit"]
test = ["hypothesis", "pytest", "pytest-benchmark[histogram]", "pytest-cov", "pytest-xdist", "sortedcollections", "sortedcontainers", "sphinx"]

[[package]]
name = "colorama"
version = "0.4.6"
description = "Cross-platform colored terminal text."
optional = false
python-versions = "!=3.0.*,!=3.1.*,!=3.2.*,!=3.3.*,!=3.4.*,!=3.5.*,!=3.6.*,>=2.7"
files = [
    {file = "colorama-0.4.6-py2.py3-none-any.whl", hash = "sha256:4f1d9991f5acc0ca119f9d443620b77f9d6b33703e51011c16baf57afb285fc6"},
    {file = "colorama-0.4.6.tar.gz", hash = "sha256:08695f5cb7ed6e0531a20572697297273c47b8cae5a63ffc6d6ed5c201be6e44"},
]

[[package]]
name = "exceptiongroup"
version = "1.2.2"
description = "Backport of PEP 654 (exception groups)"
optional = false
python-versions = ">=3.7"
files = [
    {file = "exceptiongroup-1.2.2-py3-none-any.whl", hash = "sha256:3111b9d131c238bec2f8f516e123e14ba243563fb135d3fe885990585aa7795b"},
    {file = "exceptiongroup-1.2.2.tar.gz", hash = "sha256:47c2edf7c6738fafb49fd34290706d1a1a2f4d1c6df275526b62cbb4aa5393cc"},
]

[package.extras]
test = ["pytest (>=6)"]

[[package]]
name = "execnet"
version = "2.0.2"
description = "execnet: rapid multi-Python deployment"
optional = false
python-versions = ">=3.7"
files = [
    {file = "execnet-2.0.2-py3-none-any.whl", hash = "sha256:88256416ae766bc9e8895c76a87928c0012183da3cc4fc18016e6f050e025f41"},
    {file = "execnet-2.0.2.tar.gz", hash = "sha256:cc59bc4423742fd71ad227122eb0dd44db51efb3dc4095b45ac9a08c770096af"},
]

[package.extras]
testing = ["hatch", "pre-commit", "pytest", "tox"]

[[package]]
name = "funcy"
version = "1.18"
description = "A fancy and practical functional tools"
optional = false
python-versions = "*"
files = [
    {file = "funcy-1.18-py2.py3-none-any.whl", hash = "sha256:00ce91afc850357a131dc54f0db2ad8a1110d5087f1fa4480d7ea3ba0249f89d"},
    {file = "funcy-1.18.tar.gz", hash = "sha256:15448d19a8ebcc7a585afe7a384a19186d0bd67cbf56fb42cd1fd0f76313f9b2"},
]

[[package]]
name = "hypothesis"
version = "6.79.4"
description = "A library for property-based testing"
optional = false
python-versions = ">=3.7"
files = [
    {file = "hypothesis-6.79.4-py3-none-any.whl", hash = "sha256:5ce05bc70aa4f20114effaf3375dc8b51d09a04026a0cf89d4514fc0b69f6304"},
    {file = "hypothesis-6.79.4.tar.gz", hash = "sha256:e9a9ff3dc3f3eebbf214d6852882ac96ad72023f0e9770139fd3d3c1b87673e2"},
]

[package.dependencies]
attrs = ">=19.2.0"
exceptiongroup = {version = ">=1.0.0", markers = "python_version < \"3.11\""}
sortedcontainers = ">=2.1.0,<3.0.0"

[package.extras]
all = ["backports.zoneinfo (>=0.2.1)", "black (>=19.10b0)", "click (>=7.0)", "django (>=3.2)", "dpcontracts (>=0.4)", "importlib-metadata (>=3.6)", "lark (>=0.10.1)", "libcst (>=0.3.16)", "numpy (>=1.17.3)", "pandas (>=1.1)", "pytest (>=4.6)", "python-dateutil (>=1.4)", "pytz (>=2014.1)", "redis (>=3.0.0)", "rich (>=9.0.0)", "tzdata (>=2023.3)"]
cli = ["black (>=19.10b0)", "click (>=7.0)", "rich (>=9.0.0)"]
codemods = ["libcst (>=0.3.16)"]
dateutil = ["python-dateutil (>=1.4)"]
django = ["django (>=3.2)"]
dpcontracts = ["dpcontracts (>=0.4)"]
ghostwriter = ["black (>=19.10b0)"]
lark = ["lark (>=0.10.1)"]
numpy = ["numpy (>=1.17.3)"]
pandas = ["pandas (>=1.1)"]
pytest = ["pytest (>=4.6)"]
pytz = ["pytz (>=2014.1)"]
redis = ["redis (>=3.0.0)"]
zoneinfo = ["backports.zoneinfo (>=0.2.1)", "tzdata (>=2023.3)"]

[[package]]
name = "hypothesis-cfg"
version = "0.2"
description = "Implementation of Hypothesis Context Free Grammar Strategy"
optional = false
python-versions = "*"
files = []
develop = false

[package.dependencies]
funcy = "*"
hypothesis = "*"

[package.source]
type = "git"
url = "https://github.com/mvcisback/hypothesis-cfg.git"
reference = "HEAD"
resolved_reference = "fee01c6d8c36f33501b71ff0e84b342829968ddf"

[[package]]
name = "importlib-metadata"
version = "6.7.0"
description = "Read metadata from Python packages"
optional = false
python-versions = ">=3.7"
files = [
    {file = "importlib_metadata-6.7.0-py3-none-any.whl", hash = "sha256:cb52082e659e97afc5dac71e79de97d8681de3aa07ff18578330904a9d18e5b5"},
    {file = "importlib_metadata-6.7.0.tar.gz", hash = "sha256:1aaf550d4f73e5d6783e7acb77aec43d49da8017410afae93822cc9cca98c4d4"},
]

[package.dependencies]
typing-extensions = {version = ">=3.6.4", markers = "python_version < \"3.8\""}
zipp = ">=0.5"

[package.extras]
docs = ["furo", "jaraco.packaging (>=9)", "jaraco.tidelift (>=1.4)", "rst.linker (>=1.9)", "sphinx (>=3.5)", "sphinx-lint"]
perf = ["ipython"]
testing = ["flufl.flake8", "importlib-resources (>=1.3)", "packaging", "pyfakefs", "pytest (>=6)", "pytest-black (>=0.3.7)", "pytest-checkdocs (>=2.4)", "pytest-cov", "pytest-enabler (>=1.3)", "pytest-mypy (>=0.9.1)", "pytest-perf (>=0.9.2)", "pytest-ruff"]

[[package]]
name = "iniconfig"
version = "2.0.0"
description = "brain-dead simple config-ini parsing"
optional = false
python-versions = ">=3.7"
files = [
    {file = "iniconfig-2.0.0-py3-none-any.whl", hash = "sha256:b6a85871a79d2e3b22d2d1b94ac2824226a63c6b741c88f7ae975f18b6778374"},
    {file = "iniconfig-2.0.0.tar.gz", hash = "sha256:2d91e135bf72d31a410b17c16da610a82cb55f6b0477d1a902134b24a455b8b3"},
]

[[package]]
name = "packaging"
version = "24.0"
description = "Core utilities for Python packages"
optional = false
python-versions = ">=3.7"
files = [
    {file = "packaging-24.0-py3-none-any.whl", hash = "sha256:2ddfb553fdf02fb784c234c7ba6ccc288296ceabec964ad2eae3777778130bc5"},
    {file = "packaging-24.0.tar.gz", hash = "sha256:eb82c5e3e56209074766e6885bb04b8c38a0c015d0a30036ebe7ece34c9989e9"},
]

[[package]]
name = "parsimonious"
version = "0.10.0"
description = "(Soon to be) the fastest pure-Python PEG parser I could muster"
optional = false
python-versions = "*"
files = [
    {file = "parsimonious-0.10.0-py3-none-any.whl", hash = "sha256:982ab435fabe86519b57f6b35610aa4e4e977e9f02a14353edf4bbc75369fc0f"},
    {file = "parsimonious-0.10.0.tar.gz", hash = "sha256:8281600da180ec8ae35427a4ab4f7b82bfec1e3d1e52f80cb60ea82b9512501c"},
]

[package.dependencies]
regex = ">=2022.3.15"

[[package]]
name = "pluggy"
version = "1.2.0"
description = "plugin and hook calling mechanisms for python"
optional = false
python-versions = ">=3.7"
files = [
    {file = "pluggy-1.2.0-py3-none-any.whl", hash = "sha256:c2fd55a7d7a3863cba1a013e4e2414658b1d07b6bc57b3919e0c63c9abb99849"},
    {file = "pluggy-1.2.0.tar.gz", hash = "sha256:d12f0c4b579b15f5e054301bb226ee85eeeba08ffec228092f8defbaa3a4c4b3"},
]

[package.dependencies]
importlib-metadata = {version = ">=0.12", markers = "python_version < \"3.8\""}

[package.extras]
dev = ["pre-commit", "tox"]
testing = ["pytest", "pytest-benchmark"]

[[package]]
name = "py-aiger"
version = "7.0.0"
description = "A python library for manipulating sequential and-inverter gates."
optional = false
python-versions = "<4.0,>=3.7"
files = [
    {file = "py_aiger-7.0.0-py3-none-any.whl", hash = "sha256:ec51d208f36b6ea36b6ef8dd8e90f028f209e02fef5f91304d1c564aed0a9476"},
    {file = "py_aiger-7.0.0.tar.gz", hash = "sha256:d1d6dde2162b6cb70e6ed24987c0966ceb4474fcdd865ae72484dc941d77f5fb"},
]

[package.dependencies]
attrs = ">=23"
bidict = ">=0.22.0,<0.23.0"
funcy = ">=1.12,<2.0"
pyrsistent = ">=0.19.0,<0.20.0"
sortedcontainers = ">=2.3.0,<3.0.0"

[[package]]
name = "py-aiger-bv"
version = "4.7.8"
description = "A python library for manipulating sequential and-inverter gates."
optional = true
python-versions = "<4.0,>=3.7"
files = [
    {file = "py_aiger_bv-4.7.8-py3-none-any.whl", hash = "sha256:6aac5d9a5f80f7b3321610da7021403a519edb5efd9866cd8828295b93aa62c8"},
    {file = "py_aiger_bv-4.7.8.tar.gz", hash = "sha256:68a20057b3609ab18bcba872cd8ce5fca7e6f218a33f080c06affd5c24bb97c8"},
]

[package.dependencies]
attrs = ">=22"
funcy = ">=1.12,<2.0"
py-aiger = ">=7,<8"
pyrsistent = ">=0.19,<0.20"

[[package]]
name = "pyrsistent"
version = "0.19.3"
description = "Persistent/Functional/Immutable data structures"
optional = false
python-versions = ">=3.7"
files = [
    {file = "pyrsistent-0.19.3-cp310-cp310-macosx_10_9_universal2.whl", hash = "sha256:20460ac0ea439a3e79caa1dbd560344b64ed75e85d8703943e0b66c2a6150e4a"},
    {file = "pyrsistent-0.19.3-cp310-cp310-manylinux_2_17_aarch64.manylinux2014_aarch64.whl", hash = "sha256:4c18264cb84b5e68e7085a43723f9e4c1fd1d935ab240ce02c0324a8e01ccb64"},
    {file = "pyrsistent-0.19.3-cp310-cp310-manylinux_2_5_i686.manylinux1_i686.manylinux_2_17_i686.manylinux2014_i686.whl", hash = "sha256:4b774f9288dda8d425adb6544e5903f1fb6c273ab3128a355c6b972b7df39dcf"},
    {file = "pyrsistent-0.19.3-cp310-cp310-win32.whl", hash = "sha256:5a474fb80f5e0d6c9394d8db0fc19e90fa540b82ee52dba7d246a7791712f74a"},
    {file = "pyrsistent-0.19.3-cp310-cp310-win_amd64.whl", hash = "sha256:49c32f216c17148695ca0e02a5c521e28a4ee6c5089f97e34fe24163113722da"},
    {file = "pyrsistent-0.19.3-cp311-cp311-macosx_10_9_universal2.whl", hash = "sha256:f0774bf48631f3a20471dd7c5989657b639fd2d285b861237ea9e82c36a415a9"},
    {file = "pyrsistent-0.19.3-cp311-cp311-manylinux_2_17_aarch64.manylinux2014_aarch64.whl", hash = "sha256:3ab2204234c0ecd8b9368dbd6a53e83c3d4f3cab10ecaf6d0e772f456c442393"},
    {file = "pyrsistent-0.19.3-cp311-cp311-manylinux_2_5_i686.manylinux1_i686.manylinux_2_17_i686.manylinux2014_i686.whl", hash = "sha256:e42296a09e83028b3476f7073fcb69ffebac0e66dbbfd1bd847d61f74db30f19"},
    {file = "pyrsistent-0.19.3-cp311-cp311-win32.whl", hash = "sha256:64220c429e42a7150f4bfd280f6f4bb2850f95956bde93c6fda1b70507af6ef3"},
    {file = "pyrsistent-0.19.3-cp311-cp311-win_amd64.whl", hash = "sha256:016ad1afadf318eb7911baa24b049909f7f3bb2c5b1ed7b6a8f21db21ea3faa8"},
    {file = "pyrsistent-0.19.3-cp37-cp37m-macosx_10_9_x86_64.whl", hash = "sha256:c4db1bd596fefd66b296a3d5d943c94f4fac5bcd13e99bffe2ba6a759d959a28"},
    {file = "pyrsistent-0.19.3-cp37-cp37m-manylinux_2_17_aarch64.manylinux2014_aarch64.whl", hash = "sha256:aeda827381f5e5d65cced3024126529ddc4289d944f75e090572c77ceb19adbf"},
    {file = "pyrsistent-0.19.3-cp37-cp37m-manylinux_2_5_i686.manylinux1_i686.manylinux_2_17_i686.manylinux2014_i686.whl", hash = "sha256:42ac0b2f44607eb92ae88609eda931a4f0dfa03038c44c772e07f43e738bcac9"},
    {file = "pyrsistent-0.19.3-cp37-cp37m-win32.whl", hash = "sha256:e8f2b814a3dc6225964fa03d8582c6e0b6650d68a232df41e3cc1b66a5d2f8d1"},
    {file = "pyrsistent-0.19.3-cp37-cp37m-win_amd64.whl", hash = "sha256:c9bb60a40a0ab9aba40a59f68214eed5a29c6274c83b2cc206a359c4a89fa41b"},
    {file = "pyrsistent-0.19.3-cp38-cp38-macosx_10_9_universal2.whl", hash = "sha256:a2471f3f8693101975b1ff85ffd19bb7ca7dd7c38f8a81701f67d6b4f97b87d8"},
    {file = "pyrsistent-0.19.3-cp38-cp38-manylinux_2_17_aarch64.manylinux2014_aarch64.whl", hash = "sha256:cc5d149f31706762c1f8bda2e8c4f8fead6e80312e3692619a75301d3dbb819a"},
    {file = "pyrsistent-0.19.3-cp38-cp38-manylinux_2_5_i686.manylinux1_i686.manylinux_2_17_i686.manylinux2014_i686.whl", hash = "sha256:3311cb4237a341aa52ab8448c27e3a9931e2ee09561ad150ba94e4cfd3fc888c"},
    {file = "pyrsistent-0.19.3-cp38-cp38-win32.whl", hash = "sha256:f0e7c4b2f77593871e918be000b96c8107da48444d57005b6a6bc61fb4331b2c"},
    {file = "pyrsistent-0.19.3-cp38-cp38-win_amd64.whl", hash = "sha256:c147257a92374fde8498491f53ffa8f4822cd70c0d85037e09028e478cababb7"},
    {file = "pyrsistent-0.19.3-cp39-cp39-macosx_10_9_universal2.whl", hash = "sha256:b735e538f74ec31378f5a1e3886a26d2ca6351106b4dfde376a26fc32a044edc"},
    {file = "pyrsistent-0.19.3-cp39-cp39-manylinux_2_17_aarch64.manylinux2014_aarch64.whl", hash = "sha256:99abb85579e2165bd8522f0c0138864da97847875ecbd45f3e7e2af569bfc6f2"},
    {file = "pyrsistent-0.19.3-cp39-cp39-manylinux_2_5_i686.manylinux1_i686.manylinux_2_17_i686.manylinux2014_i686.whl", hash = "sha256:3a8cb235fa6d3fd7aae6a4f1429bbb1fec1577d978098da1252f0489937786f3"},
    {file = "pyrsistent-0.19.3-cp39-cp39-win32.whl", hash = "sha256:c74bed51f9b41c48366a286395c67f4e894374306b197e62810e0fdaf2364da2"},
    {file = "pyrsistent-0.19.3-cp39-cp39-win_amd64.whl", hash = "sha256:878433581fc23e906d947a6814336eee031a00e6defba224234169ae3d3d6a98"},
    {file = "pyrsistent-0.19.3-py3-none-any.whl", hash = "sha256:ccf0d6bd208f8111179f0c26fdf84ed7c3891982f2edaeae7422575f47e66b64"},
    {file = "pyrsistent-0.19.3.tar.gz", hash = "sha256:1a2994773706bbb4995c31a97bc94f1418314923bd1048c6d964837040376440"},
]

[[package]]
name = "pytest"
version = "7.4.4"
description = "pytest: simple powerful testing with Python"
optional = false
python-versions = ">=3.7"
files = [
    {file = "pytest-7.4.4-py3-none-any.whl", hash = "sha256:b090cdf5ed60bf4c45261be03239c2c1c22df034fbffe691abe93cd80cea01d8"},
    {file = "pytest-7.4.4.tar.gz", hash = "sha256:2cf0005922c6ace4a3e2ec8b4080eb0d9753fdc93107415332f50ce9e7994280"},
]

[package.dependencies]
colorama = {version = "*", markers = "sys_platform == \"win32\""}
exceptiongroup = {version = ">=1.0.0rc8", markers = "python_version < \"3.11\""}
importlib-metadata = {version = ">=0.12", markers = "python_version < \"3.8\""}
iniconfig = "*"
packaging = "*"
pluggy = ">=0.12,<2.0"
tomli = {version = ">=1.0.0", markers = "python_version < \"3.11\""}

[package.extras]
testing = ["argcomplete", "attrs (>=19.2.0)", "hypothesis (>=3.56)", "mock", "nose", "pygments (>=2.7.2)", "requests", "setuptools", "xmlschema"]

[[package]]
name = "pytest-xdist"
version = "3.5.0"
description = "pytest xdist plugin for distributed testing, most importantly across multiple CPUs"
optional = false
python-versions = ">=3.7"
files = [
    {file = "pytest-xdist-3.5.0.tar.gz", hash = "sha256:cbb36f3d67e0c478baa57fa4edc8843887e0f6cfc42d677530a36d7472b32d8a"},
    {file = "pytest_xdist-3.5.0-py3-none-any.whl", hash = "sha256:d075629c7e00b611df89f490a5063944bee7a4362a5ff11c7cc7824a03dfce24"},
]

[package.dependencies]
execnet = ">=1.1"
pytest = ">=6.2.0"

[package.extras]
psutil = ["psutil (>=3.0)"]
setproctitle = ["setproctitle"]
testing = ["filelock"]

[[package]]
name = "regex"
version = "2024.4.16"
description = "Alternative regular expression module, to replace re."
optional = false
python-versions = ">=3.7"
files = [
    {file = "regex-2024.4.16-cp310-cp310-macosx_10_9_universal2.whl", hash = "sha256:fb83cc090eac63c006871fd24db5e30a1f282faa46328572661c0a24a2323a08"},
    {file = "regex-2024.4.16-cp310-cp310-macosx_10_9_x86_64.whl", hash = "sha256:8c91e1763696c0eb66340c4df98623c2d4e77d0746b8f8f2bee2c6883fd1fe18"},
    {file = "regex-2024.4.16-cp310-cp310-macosx_11_0_arm64.whl", hash = "sha256:10188fe732dec829c7acca7422cdd1bf57d853c7199d5a9e96bb4d40db239c73"},
    {file = "regex-2024.4.16-cp310-cp310-manylinux_2_17_aarch64.manylinux2014_aarch64.whl", hash = "sha256:956b58d692f235cfbf5b4f3abd6d99bf102f161ccfe20d2fd0904f51c72c4c66"},
    {file = "regex-2024.4.16-cp310-cp310-manylinux_2_17_ppc64le.manylinux2014_ppc64le.whl", hash = "sha256:a70b51f55fd954d1f194271695821dd62054d949efd6368d8be64edd37f55c86"},
    {file = "regex-2024.4.16-cp310-cp310-manylinux_2_17_s390x.manylinux2014_s390x.whl", hash = "sha256:5c02fcd2bf45162280613d2e4a1ca3ac558ff921ae4e308ecb307650d3a6ee51"},
    {file = "regex-2024.4.16-cp310-cp310-manylinux_2_17_x86_64.manylinux2014_x86_64.whl", hash = "sha256:c4ed75ea6892a56896d78f11006161eea52c45a14994794bcfa1654430984b22"},
    {file = "regex-2024.4.16-cp310-cp310-manylinux_2_5_i686.manylinux1_i686.manylinux_2_17_i686.manylinux2014_i686.whl", hash = "sha256:bd727ad276bb91928879f3aa6396c9a1d34e5e180dce40578421a691eeb77f47"},
    {file = "regex-2024.4.16-cp310-cp310-manylinux_2_5_x86_64.manylinux1_x86_64.manylinux_2_12_x86_64.manylinux2010_x86_64.whl", hash = "sha256:7cbc5d9e8a1781e7be17da67b92580d6ce4dcef5819c1b1b89f49d9678cc278c"},
    {file = "regex-2024.4.16-cp310-cp310-musllinux_1_1_aarch64.whl", hash = "sha256:78fddb22b9ef810b63ef341c9fcf6455232d97cfe03938cbc29e2672c436670e"},
    {file = "regex-2024.4.16-cp310-cp310-musllinux_1_1_i686.whl", hash = "sha256:445ca8d3c5a01309633a0c9db57150312a181146315693273e35d936472df912"},
    {file = "regex-2024.4.16-cp310-cp310-musllinux_1_1_ppc64le.whl", hash = "sha256:95399831a206211d6bc40224af1c635cb8790ddd5c7493e0bd03b85711076a53"},
    {file = "regex-2024.4.16-cp310-cp310-musllinux_1_1_s390x.whl", hash = "sha256:7731728b6568fc286d86745f27f07266de49603a6fdc4d19c87e8c247be452af"},
    {file = "regex-2024.4.16-cp310-cp310-musllinux_1_1_x86_64.whl", hash = "sha256:4facc913e10bdba42ec0aee76d029aedda628161a7ce4116b16680a0413f658a"},
    {file = "regex-2024.4.16-cp310-cp310-win32.whl", hash = "sha256:911742856ce98d879acbea33fcc03c1d8dc1106234c5e7d068932c945db209c0"},
    {file = "regex-2024.4.16-cp310-cp310-win_amd64.whl", hash = "sha256:e0a2df336d1135a0b3a67f3bbf78a75f69562c1199ed9935372b82215cddd6e2"},
    {file = "regex-2024.4.16-cp311-cp311-macosx_10_9_universal2.whl", hash = "sha256:1210365faba7c2150451eb78ec5687871c796b0f1fa701bfd2a4a25420482d26"},
    {file = "regex-2024.4.16-cp311-cp311-macosx_10_9_x86_64.whl", hash = "sha256:9ab40412f8cd6f615bfedea40c8bf0407d41bf83b96f6fc9ff34976d6b7037fd"},
    {file = "regex-2024.4.16-cp311-cp311-macosx_11_0_arm64.whl", hash = "sha256:fd80d1280d473500d8086d104962a82d77bfbf2b118053824b7be28cd5a79ea5"},
    {file = "regex-2024.4.16-cp311-cp311-manylinux_2_17_aarch64.manylinux2014_aarch64.whl", hash = "sha256:7bb966fdd9217e53abf824f437a5a2d643a38d4fd5fd0ca711b9da683d452969"},
    {file = "regex-2024.4.16-cp311-cp311-manylinux_2_17_ppc64le.manylinux2014_ppc64le.whl", hash = "sha256:20b7a68444f536365af42a75ccecb7ab41a896a04acf58432db9e206f4e525d6"},
    {file = "regex-2024.4.16-cp311-cp311-manylinux_2_17_s390x.manylinux2014_s390x.whl", hash = "sha256:b74586dd0b039c62416034f811d7ee62810174bb70dffcca6439f5236249eb09"},
    {file = "regex-2024.4.16-cp311-cp311-manylinux_2_17_x86_64.manylinux2014_x86_64.whl", hash = "sha256:0c8290b44d8b0af4e77048646c10c6e3aa583c1ca67f3b5ffb6e06cf0c6f0f89"},
    {file = "regex-2024.4.16-cp311-cp311-manylinux_2_5_i686.manylinux1_i686.manylinux_2_17_i686.manylinux2014_i686.whl", hash = "sha256:f2d80a6749724b37853ece57988b39c4e79d2b5fe2869a86e8aeae3bbeef9eb0"},
    {file = "regex-2024.4.16-cp311-cp311-musllinux_1_1_aarch64.whl", hash = "sha256:3a1018e97aeb24e4f939afcd88211ace472ba566efc5bdf53fd8fd7f41fa7170"},
    {file = "regex-2024.4.16-cp311-cp311-musllinux_1_1_i686.whl", hash = "sha256:8d015604ee6204e76569d2f44e5a210728fa917115bef0d102f4107e622b08d5"},
    {file = "regex-2024.4.16-cp311-cp311-musllinux_1_1_ppc64le.whl", hash = "sha256:3d5ac5234fb5053850d79dd8eb1015cb0d7d9ed951fa37aa9e6249a19aa4f336"},
    {file = "regex-2024.4.16-cp311-cp311-musllinux_1_1_s390x.whl", hash = "sha256:0a38d151e2cdd66d16dab550c22f9521ba79761423b87c01dae0a6e9add79c0d"},
    {file = "regex-2024.4.16-cp311-cp311-musllinux_1_1_x86_64.whl", hash = "sha256:159dc4e59a159cb8e4e8f8961eb1fa5d58f93cb1acd1701d8aff38d45e1a84a6"},
    {file = "regex-2024.4.16-cp311-cp311-win32.whl", hash = "sha256:ba2336d6548dee3117520545cfe44dc28a250aa091f8281d28804aa8d707d93d"},
    {file = "regex-2024.4.16-cp311-cp311-win_amd64.whl", hash = "sha256:8f83b6fd3dc3ba94d2b22717f9c8b8512354fd95221ac661784df2769ea9bba9"},
    {file = "regex-2024.4.16-cp312-cp312-macosx_10_9_universal2.whl", hash = "sha256:80b696e8972b81edf0af2a259e1b2a4a661f818fae22e5fa4fa1a995fb4a40fd"},
    {file = "regex-2024.4.16-cp312-cp312-macosx_10_9_x86_64.whl", hash = "sha256:d61ae114d2a2311f61d90c2ef1358518e8f05eafda76eaf9c772a077e0b465ec"},
    {file = "regex-2024.4.16-cp312-cp312-macosx_11_0_arm64.whl", hash = "sha256:8ba6745440b9a27336443b0c285d705ce73adb9ec90e2f2004c64d95ab5a7598"},
    {file = "regex-2024.4.16-cp312-cp312-manylinux_2_17_aarch64.manylinux2014_aarch64.whl", hash = "sha256:6295004b2dd37b0835ea5c14a33e00e8cfa3c4add4d587b77287825f3418d310"},
    {file = "regex-2024.4.16-cp312-cp312-manylinux_2_17_ppc64le.manylinux2014_ppc64le.whl", hash = "sha256:4aba818dcc7263852aabb172ec27b71d2abca02a593b95fa79351b2774eb1d2b"},
    {file = "regex-2024.4.16-cp312-cp312-manylinux_2_17_s390x.manylinux2014_s390x.whl", hash = "sha256:d0800631e565c47520aaa04ae38b96abc5196fe8b4aa9bd864445bd2b5848a7a"},
    {file = "regex-2024.4.16-cp312-cp312-manylinux_2_17_x86_64.manylinux2014_x86_64.whl", hash = "sha256:08dea89f859c3df48a440dbdcd7b7155bc675f2fa2ec8c521d02dc69e877db70"},
    {file = "regex-2024.4.16-cp312-cp312-manylinux_2_5_i686.manylinux1_i686.manylinux_2_17_i686.manylinux2014_i686.whl", hash = "sha256:eeaa0b5328b785abc344acc6241cffde50dc394a0644a968add75fcefe15b9d4"},
    {file = "regex-2024.4.16-cp312-cp312-musllinux_1_1_aarch64.whl", hash = "sha256:4e819a806420bc010489f4e741b3036071aba209f2e0989d4750b08b12a9343f"},
    {file = "regex-2024.4.16-cp312-cp312-musllinux_1_1_i686.whl", hash = "sha256:c2d0e7cbb6341e830adcbfa2479fdeebbfbb328f11edd6b5675674e7a1e37730"},
    {file = "regex-2024.4.16-cp312-cp312-musllinux_1_1_ppc64le.whl", hash = "sha256:91797b98f5e34b6a49f54be33f72e2fb658018ae532be2f79f7c63b4ae225145"},
    {file = "regex-2024.4.16-cp312-cp312-musllinux_1_1_s390x.whl", hash = "sha256:d2da13568eff02b30fd54fccd1e042a70fe920d816616fda4bf54ec705668d81"},
    {file = "regex-2024.4.16-cp312-cp312-musllinux_1_1_x86_64.whl", hash = "sha256:370c68dc5570b394cbaadff50e64d705f64debed30573e5c313c360689b6aadc"},
    {file = "regex-2024.4.16-cp312-cp312-win32.whl", hash = "sha256:904c883cf10a975b02ab3478bce652f0f5346a2c28d0a8521d97bb23c323cc8b"},
    {file = "regex-2024.4.16-cp312-cp312-win_amd64.whl", hash = "sha256:785c071c982dce54d44ea0b79cd6dfafddeccdd98cfa5f7b86ef69b381b457d9"},
    {file = "regex-2024.4.16-cp37-cp37m-macosx_10_9_x86_64.whl", hash = "sha256:e2f142b45c6fed48166faeb4303b4b58c9fcd827da63f4cf0a123c3480ae11fb"},
    {file = "regex-2024.4.16-cp37-cp37m-manylinux_2_17_aarch64.manylinux2014_aarch64.whl", hash = "sha256:e87ab229332ceb127a165612d839ab87795972102cb9830e5f12b8c9a5c1b508"},
    {file = "regex-2024.4.16-cp37-cp37m-manylinux_2_17_ppc64le.manylinux2014_ppc64le.whl", hash = "sha256:81500ed5af2090b4a9157a59dbc89873a25c33db1bb9a8cf123837dcc9765047"},
    {file = "regex-2024.4.16-cp37-cp37m-manylinux_2_17_s390x.manylinux2014_s390x.whl", hash = "sha256:b340cccad138ecb363324aa26893963dcabb02bb25e440ebdf42e30963f1a4e0"},
    {file = "regex-2024.4.16-cp37-cp37m-manylinux_2_17_x86_64.manylinux2014_x86_64.whl", hash = "sha256:2c72608e70f053643437bd2be0608f7f1c46d4022e4104d76826f0839199347a"},
    {file = "regex-2024.4.16-cp37-cp37m-manylinux_2_5_i686.manylinux1_i686.manylinux_2_17_i686.manylinux2014_i686.whl", hash = "sha256:a01fe2305e6232ef3e8f40bfc0f0f3a04def9aab514910fa4203bafbc0bb4682"},
    {file = "regex-2024.4.16-cp37-cp37m-manylinux_2_5_x86_64.manylinux1_x86_64.manylinux_2_12_x86_64.manylinux2010_x86_64.whl", hash = "sha256:03576e3a423d19dda13e55598f0fd507b5d660d42c51b02df4e0d97824fdcae3"},
    {file = "regex-2024.4.16-cp37-cp37m-musllinux_1_1_aarch64.whl", hash = "sha256:549c3584993772e25f02d0656ac48abdda73169fe347263948cf2b1cead622f3"},
    {file = "regex-2024.4.16-cp37-cp37m-musllinux_1_1_i686.whl", hash = "sha256:34422d5a69a60b7e9a07a690094e824b66f5ddc662a5fc600d65b7c174a05f04"},
    {file = "regex-2024.4.16-cp37-cp37m-musllinux_1_1_ppc64le.whl", hash = "sha256:5f580c651a72b75c39e311343fe6875d6f58cf51c471a97f15a938d9fe4e0d37"},
    {file = "regex-2024.4.16-cp37-cp37m-musllinux_1_1_s390x.whl", hash = "sha256:3399dd8a7495bbb2bacd59b84840eef9057826c664472e86c91d675d007137f5"},
    {file = "regex-2024.4.16-cp37-cp37m-musllinux_1_1_x86_64.whl", hash = "sha256:8d1f86f3f4e2388aa3310b50694ac44daefbd1681def26b4519bd050a398dc5a"},
    {file = "regex-2024.4.16-cp37-cp37m-win32.whl", hash = "sha256:dd5acc0a7d38fdc7a3a6fd3ad14c880819008ecb3379626e56b163165162cc46"},
    {file = "regex-2024.4.16-cp37-cp37m-win_amd64.whl", hash = "sha256:ba8122e3bb94ecda29a8de4cf889f600171424ea586847aa92c334772d200331"},
    {file = "regex-2024.4.16-cp38-cp38-macosx_10_9_universal2.whl", hash = "sha256:743deffdf3b3481da32e8a96887e2aa945ec6685af1cfe2bcc292638c9ba2f48"},
    {file = "regex-2024.4.16-cp38-cp38-macosx_10_9_x86_64.whl", hash = "sha256:7571f19f4a3fd00af9341c7801d1ad1967fc9c3f5e62402683047e7166b9f2b4"},
    {file = "regex-2024.4.16-cp38-cp38-macosx_11_0_arm64.whl", hash = "sha256:df79012ebf6f4efb8d307b1328226aef24ca446b3ff8d0e30202d7ebcb977a8c"},
    {file = "regex-2024.4.16-cp38-cp38-manylinux_2_17_aarch64.manylinux2014_aarch64.whl", hash = "sha256:e757d475953269fbf4b441207bb7dbdd1c43180711b6208e129b637792ac0b93"},
    {file = "regex-2024.4.16-cp38-cp38-manylinux_2_17_ppc64le.manylinux2014_ppc64le.whl", hash = "sha256:4313ab9bf6a81206c8ac28fdfcddc0435299dc88cad12cc6305fd0e78b81f9e4"},
    {file = "regex-2024.4.16-cp38-cp38-manylinux_2_17_s390x.manylinux2014_s390x.whl", hash = "sha256:d83c2bc678453646f1a18f8db1e927a2d3f4935031b9ad8a76e56760461105dd"},
    {file = "regex-2024.4.16-cp38-cp38-manylinux_2_17_x86_64.manylinux2014_x86_64.whl", hash = "sha256:9df1bfef97db938469ef0a7354b2d591a2d438bc497b2c489471bec0e6baf7c4"},
    {file = "regex-2024.4.16-cp38-cp38-manylinux_2_5_i686.manylinux1_i686.manylinux_2_17_i686.manylinux2014_i686.whl", hash = "sha256:62120ed0de69b3649cc68e2965376048793f466c5a6c4370fb27c16c1beac22d"},
    {file = "regex-2024.4.16-cp38-cp38-manylinux_2_5_x86_64.manylinux1_x86_64.manylinux_2_12_x86_64.manylinux2010_x86_64.whl", hash = "sha256:c2ef6f7990b6e8758fe48ad08f7e2f66c8f11dc66e24093304b87cae9037bb4a"},
    {file = "regex-2024.4.16-cp38-cp38-musllinux_1_1_aarch64.whl", hash = "sha256:8fc6976a3395fe4d1fbeb984adaa8ec652a1e12f36b56ec8c236e5117b585427"},
    {file = "regex-2024.4.16-cp38-cp38-musllinux_1_1_i686.whl", hash = "sha256:03e68f44340528111067cecf12721c3df4811c67268b897fbe695c95f860ac42"},
    {file = "regex-2024.4.16-cp38-cp38-musllinux_1_1_ppc64le.whl", hash = "sha256:ec7e0043b91115f427998febaa2beb82c82df708168b35ece3accb610b91fac1"},
    {file = "regex-2024.4.16-cp38-cp38-musllinux_1_1_s390x.whl", hash = "sha256:c21fc21a4c7480479d12fd8e679b699f744f76bb05f53a1d14182b31f55aac76"},
    {file = "regex-2024.4.16-cp38-cp38-musllinux_1_1_x86_64.whl", hash = "sha256:12f6a3f2f58bb7344751919a1876ee1b976fe08b9ffccb4bbea66f26af6017b9"},
    {file = "regex-2024.4.16-cp38-cp38-win32.whl", hash = "sha256:479595a4fbe9ed8f8f72c59717e8cf222da2e4c07b6ae5b65411e6302af9708e"},
    {file = "regex-2024.4.16-cp38-cp38-win_amd64.whl", hash = "sha256:0534b034fba6101611968fae8e856c1698da97ce2efb5c2b895fc8b9e23a5834"},
    {file = "regex-2024.4.16-cp39-cp39-macosx_10_9_universal2.whl", hash = "sha256:a7ccdd1c4a3472a7533b0a7aa9ee34c9a2bef859ba86deec07aff2ad7e0c3b94"},
    {file = "regex-2024.4.16-cp39-cp39-macosx_10_9_x86_64.whl", hash = "sha256:6f2f017c5be19984fbbf55f8af6caba25e62c71293213f044da3ada7091a4455"},
    {file = "regex-2024.4.16-cp39-cp39-macosx_11_0_arm64.whl", hash = "sha256:803b8905b52de78b173d3c1e83df0efb929621e7b7c5766c0843704d5332682f"},
    {file = "regex-2024.4.16-cp39-cp39-manylinux_2_17_aarch64.manylinux2014_aarch64.whl", hash = "sha256:684008ec44ad275832a5a152f6e764bbe1914bea10968017b6feaecdad5736e0"},
    {file = "regex-2024.4.16-cp39-cp39-manylinux_2_17_ppc64le.manylinux2014_ppc64le.whl", hash = "sha256:65436dce9fdc0aeeb0a0effe0839cb3d6a05f45aa45a4d9f9c60989beca78b9c"},
    {file = "regex-2024.4.16-cp39-cp39-manylinux_2_17_s390x.manylinux2014_s390x.whl", hash = "sha256:ea355eb43b11764cf799dda62c658c4d2fdb16af41f59bb1ccfec517b60bcb07"},
    {file = "regex-2024.4.16-cp39-cp39-manylinux_2_17_x86_64.manylinux2014_x86_64.whl", hash = "sha256:98c1165f3809ce7774f05cb74e5408cd3aa93ee8573ae959a97a53db3ca3180d"},
    {file = "regex-2024.4.16-cp39-cp39-manylinux_2_5_i686.manylinux1_i686.manylinux_2_17_i686.manylinux2014_i686.whl", hash = "sha256:cccc79a9be9b64c881f18305a7c715ba199e471a3973faeb7ba84172abb3f317"},
    {file = "regex-2024.4.16-cp39-cp39-manylinux_2_5_x86_64.manylinux1_x86_64.manylinux_2_12_x86_64.manylinux2010_x86_64.whl", hash = "sha256:00169caa125f35d1bca6045d65a662af0202704489fada95346cfa092ec23f39"},
    {file = "regex-2024.4.16-cp39-cp39-musllinux_1_1_aarch64.whl", hash = "sha256:6cc38067209354e16c5609b66285af17a2863a47585bcf75285cab33d4c3b8df"},
    {file = "regex-2024.4.16-cp39-cp39-musllinux_1_1_i686.whl", hash = "sha256:23cff1b267038501b179ccbbd74a821ac4a7192a1852d1d558e562b507d46013"},
    {file = "regex-2024.4.16-cp39-cp39-musllinux_1_1_ppc64le.whl", hash = "sha256:b9d320b3bf82a39f248769fc7f188e00f93526cc0fe739cfa197868633d44701"},
    {file = "regex-2024.4.16-cp39-cp39-musllinux_1_1_s390x.whl", hash = "sha256:89ec7f2c08937421bbbb8b48c54096fa4f88347946d4747021ad85f1b3021b3c"},
    {file = "regex-2024.4.16-cp39-cp39-musllinux_1_1_x86_64.whl", hash = "sha256:4918fd5f8b43aa7ec031e0fef1ee02deb80b6afd49c85f0790be1dc4ce34cb50"},
    {file = "regex-2024.4.16-cp39-cp39-win32.whl", hash = "sha256:684e52023aec43bdf0250e843e1fdd6febbe831bd9d52da72333fa201aaa2335"},
    {file = "regex-2024.4.16-cp39-cp39-win_amd64.whl", hash = "sha256:e697e1c0238133589e00c244a8b676bc2cfc3ab4961318d902040d099fec7483"},
    {file = "regex-2024.4.16.tar.gz", hash = "sha256:fa454d26f2e87ad661c4f0c5a5fe4cf6aab1e307d1b94f16ffdfcb089ba685c0"},
]

[[package]]
name = "sortedcontainers"
version = "2.4.0"
description = "Sorted Containers -- Sorted List, Sorted Dict, Sorted Set"
optional = false
python-versions = "*"
files = [
    {file = "sortedcontainers-2.4.0-py2.py3-none-any.whl", hash = "sha256:a163dcaede0f1c021485e957a39245190e74249897e2ae4b2aa38595db237ee0"},
    {file = "sortedcontainers-2.4.0.tar.gz", hash = "sha256:25caa5a06cc30b6b83d11423433f65d1f9d76c4c6a0c90e3379eaa43b9bfdb88"},
]

[[package]]
name = "tomli"
version = "2.0.1"
description = "A lil' TOML parser"
optional = false
python-versions = ">=3.7"
files = [
    {file = "tomli-2.0.1-py3-none-any.whl", hash = "sha256:939de3e7a6161af0c887ef91b7d41a53e7c5a1ca976325f429cb46ea9bc30ecc"},
    {file = "tomli-2.0.1.tar.gz", hash = "sha256:de526c12914f0c550d15924c62d72abc48d6fe7364aa87328337a31007fe8a4f"},
]

[[package]]
name = "typing-extensions"
version = "4.7.1"
description = "Backported and Experimental Type Hints for Python 3.7+"
optional = false
python-versions = ">=3.7"
files = [
    {file = "typing_extensions-4.7.1-py3-none-any.whl", hash = "sha256:440d5dd3af93b060174bf433bccd69b0babc3b15b1a8dca43789fd7f61514b36"},
    {file = "typing_extensions-4.7.1.tar.gz", hash = "sha256:b75ddc264f0ba5615db7ba217daeb99701ad295353c45f9e95963337ceeeffb2"},
]

[[package]]
name = "zipp"
version = "3.15.0"
description = "Backport of pathlib-compatible object wrapper for zip files"
optional = false
python-versions = ">=3.7"
files = [
    {file = "zipp-3.15.0-py3-none-any.whl", hash = "sha256:48904fc76a60e542af151aded95726c1a5c34ed43ab4134b597665c86d7ad556"},
    {file = "zipp-3.15.0.tar.gz", hash = "sha256:112929ad649da941c23de50f356a2b5570c954b65150642bccdd66bf194d224b"},
]

[package.extras]
docs = ["furo", "jaraco.packaging (>=9)", "jaraco.tidelift (>=1.4)", "rst.linker (>=1.9)", "sphinx (>=3.5)", "sphinx-lint"]
testing = ["big-O", "flake8 (<5)", "jaraco.functools", "jaraco.itertools", "more-itertools", "pytest (>=6)", "pytest-black (>=0.3.7)", "pytest-checkdocs (>=2.4)", "pytest-cov", "pytest-enabler (>=1.3)", "pytest-flake8", "pytest-mypy (>=0.9.1)"]

[extras]
with-bv = ["py-aiger-bv"]

[metadata]
lock-version = "2.0"
python-versions = "^3.7"
content-hash = "cbd8ab4e87b325b11f210fa29c03fd06079e51be82de3e1744a0ee88ae332cdc"
